
Microsoft Visual Studio Solution File, Format Version 12.00
# Visual Studio Version 17
VisualStudioVersion = 17.10.34928.147
MinimumVisualStudioVersion = 10.0.40219.1
Project("{FAE04EC0-301F-11D3-BF4B-00C04F79EFBC}") = "HotelBookingAPI", "HotelBookingAPI\HotelBookingAPI.csproj", "{618E5C97-C26D-47EF-A79E-0F9BAD4E6FF4}"
EndProject
Project("{2150E333-8FDC-42A3-9474-1A3956D46DE8}") = "Solution Items", "Solution Items", "{7300FD04-3A57-4E0A-A519-6E60A1F14E1F}"
	ProjectSection(SolutionItems) = preProject
		README.md = README.md
	EndProjectSection
EndProject
Global
	GlobalSection(SolutionConfigurationPlatforms) = preSolution
		Debug|Any CPU = Debug|Any CPU
		Release|Any CPU = Release|Any CPU
	EndGlobalSection
	GlobalSection(ProjectConfigurationPlatforms) = postSolution
		{618E5C97-C26D-47EF-A79E-0F9BAD4E6FF4}.Debug|Any CPU.ActiveCfg = Debug|Any CPU
		{618E5C97-C26D-47EF-A79E-0F9BAD4E6FF4}.Debug|Any CPU.Build.0 = Debug|Any CPU
		{618E5C97-C26D-47EF-A79E-0F9BAD4E6FF4}.Release|Any CPU.ActiveCfg = Release|Any CPU
		{618E5C97-C26D-47EF-A79E-0F9BAD4E6FF4}.Release|Any CPU.Build.0 = Release|Any CPU
	EndGlobalSection
	GlobalSection(SolutionProperties) = preSolution
		HideSolutionNode = FALSE
	EndGlobalSection
	GlobalSection(ExtensibilityGlobals) = postSolution
		SolutionGuid = {0E9F766D-9267-495E-B7EA-F9B5BA929E67}
	EndGlobalSection
EndGlobal
